version: 1.0
shards:
  authentic:
    github: luckyframework/authentic
    version: 0.1.0

  blank:
    github: kostya/blank
    version: 0.1.0

  carbon:
    github: luckyframework/carbon
    version: 0.1.0

  db:
    github: crystal-lang/crystal-db
    version: 0.5.0

  habitat:
    github: luckyframework/habitat
    version: 0.3.0

  lucky:
    github: luckyframework/lucky
    commit: 39f919e51ba0bfaee70cc1c38c423dd364207989

  lucky_cli:
    github: luckyframework/lucky_cli
    version: 0.11.0

  lucky_flow:
    github: luckyframework/lucky_flow
    version: 0.1.1

  lucky_inflector:
    github: luckyframework/lucky_inflector
    version: 0.1.1

  lucky_migrator:
    github: luckyframework/lucky_migrator
    version: 0.5.0

  lucky_record:
    github: luckyframework/lucky_record
    version: 0.6.0

  lucky_router:
    github: luckyframework/lucky_router
    version: 0.2.0

  pg:
    github: will/crystal-pg
    version: 0.15.0

  selenium:
    github: ysbaddaden/selenium-webdriver-crystal
    commit: 24e15487ebc2dca0ea09600ca32652dc7b88a359

  shell-table:
    github: jwaldrip/shell-table.cr
    version: 0.9.2

  teeplate:
    github: mosop/teeplate
    version: 0.6.1

